
Microsoft Visual Studio Solution File, Format Version 12.00
# Visual Studio Version 16
VisualStudioVersion = 16.0.31624.102
MinimumVisualStudioVersion = 10.0.40219.1
Project("{9A19103F-16F7-4668-BE54-9A1E7A4F7556}") = "LabCalculator", "LabCalculator\LabCalculator.csproj", "{0B5BA890-55B8-4735-830A-8F46D0F59ACF}"
EndProject
Project("{FAE04EC0-301F-11D3-BF4B-00C04F79EFBC}") = "LabCalculatorTests", "LabCalculatorTests\LabCalculatorTests.csproj", "{6D45D3C0-5309-44B6-9D4E-EE53B6B69FBF}"
EndProject
Global
	GlobalSection(SolutionConfigurationPlatforms) = preSolution
		Debug|Any CPU = Debug|Any CPU
		Release|Any CPU = Release|Any CPU
	EndGlobalSection
	GlobalSection(ProjectConfigurationPlatforms) = postSolution
		{0B5BA890-55B8-4735-830A-8F46D0F59ACF}.Debug|Any CPU.ActiveCfg = Debug|Any CPU
		{0B5BA890-55B8-4735-830A-8F46D0F59ACF}.Debug|Any CPU.Build.0 = Debug|Any CPU
		{0B5BA890-55B8-4735-830A-8F46D0F59ACF}.Release|Any CPU.ActiveCfg = Release|Any CPU
		{0B5BA890-55B8-4735-830A-8F46D0F59ACF}.Release|Any CPU.Build.0 = Release|Any CPU
		{6D45D3C0-5309-44B6-9D4E-EE53B6B69FBF}.Debug|Any CPU.ActiveCfg = Debug|Any CPU
		{6D45D3C0-5309-44B6-9D4E-EE53B6B69FBF}.Debug|Any CPU.Build.0 = Debug|Any CPU
		{6D45D3C0-5309-44B6-9D4E-EE53B6B69FBF}.Release|Any CPU.ActiveCfg = Release|Any CPU
		{6D45D3C0-5309-44B6-9D4E-EE53B6B69FBF}.Release|Any CPU.Build.0 = Release|Any CPU
	EndGlobalSection
	GlobalSection(SolutionProperties) = preSolution
		HideSolutionNode = FALSE
	EndGlobalSection
	GlobalSection(ExtensibilityGlobals) = postSolution
		SolutionGuid = {00188E33-C20C-41F7-87EC-0B961772E14B}
	EndGlobalSection
EndGlobal
