
Microsoft Visual Studio Solution File, Format Version 12.00
# Visual Studio Version 16
VisualStudioVersion = 16.0.31624.102
MinimumVisualStudioVersion = 10.0.40219.1
Project("{FAE04EC0-301F-11D3-BF4B-00C04F79EFBC}") = "HelloWorldWinForms", "HelloWorldWinForms\HelloWorldWinForms.csproj", "{99F323CB-327E-47B8-97D0-A33ECDDD4E89}"
EndProject
Global
	GlobalSection(SolutionConfigurationPlatforms) = preSolution
		Debug|Any CPU = Debug|Any CPU
		Release|Any CPU = Release|Any CPU
	EndGlobalSection
	GlobalSection(ProjectConfigurationPlatforms) = postSolution
		{99F323CB-327E-47B8-97D0-A33ECDDD4E89}.Debug|Any CPU.ActiveCfg = Debug|Any CPU
		{99F323CB-327E-47B8-97D0-A33ECDDD4E89}.Debug|Any CPU.Build.0 = Debug|Any CPU
		{99F323CB-327E-47B8-97D0-A33ECDDD4E89}.Release|Any CPU.ActiveCfg = Release|Any CPU
		{99F323CB-327E-47B8-97D0-A33ECDDD4E89}.Release|Any CPU.Build.0 = Release|Any CPU
	EndGlobalSection
	GlobalSection(SolutionProperties) = preSolution
		HideSolutionNode = FALSE
	EndGlobalSection
	GlobalSection(ExtensibilityGlobals) = postSolution
		SolutionGuid = {671B5370-5A88-43CD-BF83-D9A44EA704A7}
	EndGlobalSection
EndGlobal
